<?xml version="1.0" encoding="utf-8"?>
<Project ToolsVersion="4.0" xmlns="http://schemas.microsoft.com/developer/msbuild/2003">
  <ItemGroup>
    <Filter Include="소스 파일">
      <UniqueIdentifier>{4FC737F1-C7A5-4376-A066-2A32D752A2FF}</UniqueIdentifier>
      <Extensions>cpp;c;cc;cxx;c++;cppm;ixx;def;odl;idl;hpj;bat;asm;asmx</Extensions>
    </Filter>
    <Filter Include="헤더 파일">
      <UniqueIdentifier>{93995380-89BD-4b04-88EB-625FBE52EBFB}</UniqueIdentifier>
      <Extensions>h;hh;hpp;hxx;h++;hm;inl;inc;ipp;xsd</Extensions>
    </Filter>
    <Filter Include="리소스 파일">
      <UniqueIdentifier>{67DA6AB6-F800-4c08-8B7A-83BB121AAD01}</UniqueIdentifier>
      <Extensions>rc;ico;cur;bmp;dlg;rc2;rct;bin;rgs;gif;jpg;jpeg;jpe;resx;tiff;tif;png;wav;mfcribbon-ms</Extensions>
    </Filter>
    <Filter Include="소스 파일\02">
      <UniqueIdentifier>{0ea867e4-c8ce-4150-ae50-8cb839e2f916}</UniqueIdentifier>
    </Filter>
    <Filter Include="소스 파일\04">
      <UniqueIdentifier>{673cbcd4-c0ad-4a9b-99b4-ae9902c11250}</UniqueIdentifier>
    </Filter>
    <Filter Include="소스 파일\04\test">
      <UniqueIdentifier>{783d2383-14ae-4933-b664-100bde1d47c8}</UniqueIdentifier>
    </Filter>
    <Filter Include="소스 파일\05">
      <UniqueIdentifier>{1e9d4e68-6edf-4b4b-8c74-6c814567f842}</UniqueIdentifier>
    </Filter>
    <Filter Include="소스 파일\05\test">
      <UniqueIdentifier>{1f13ed05-c0bd-44e0-a65a-f12fd1afbc17}</UniqueIdentifier>
    </Filter>
    <Filter Include="소스 파일\06">
      <UniqueIdentifier>{2d2b0fcb-ee5a-4250-854d-e87cd2f1adbf}</UniqueIdentifier>
    </Filter>
    <Filter Include="소스 파일\06\test">
      <UniqueIdentifier>{d5e655a8-f32e-4420-9f6a-6f5b77347efd}</UniqueIdentifier>
    </Filter>
  </ItemGroup>
  <ItemGroup>
    <ClCompile Include="TrueAndFalse.cpp">
      <Filter>소스 파일\02</Filter>
    </ClCompile>
    <ClCompile Include="DataTypeBool.cpp">
      <Filter>소스 파일\02</Filter>
    </ClCompile>
    <ClCompile Include="RefSwap.cpp">
      <Filter>소스 파일\04</Filter>
    </ClCompile>
    <ClCompile Include="test02-1_1.cpp">
      <Filter>소스 파일\04\test</Filter>
    </ClCompile>
    <ClCompile Include="test02-1_3.cpp">
      <Filter>소스 파일\04\test</Filter>
    </ClCompile>
    <ClCompile Include="test02-2_1.cpp">
      <Filter>소스 파일\04\test</Filter>
    </ClCompile>
    <ClCompile Include="MemMalFree.cpp">
      <Filter>소스 파일\05</Filter>
    </ClCompile>
    <ClCompile Include="NewDelete.cpp">
      <Filter>소스 파일\05</Filter>
    </ClCompile>
    <ClCompile Include="test02-3_1.cpp">
      <Filter>소스 파일\05\test</Filter>
    </ClCompile>
    <ClCompile Include="StdCPPFunc.cpp">
      <Filter>소스 파일\06</Filter>
    </ClCompile>
    <ClCompile Include="test02-4_1.cpp">
      <Filter>소스 파일\06\test</Filter>
    </ClCompile>
    <ClCompile Include="test02-4_2.cpp">
      <Filter>소스 파일\06\test</Filter>
    </ClCompile>
  </ItemGroup>
</Project>